
Microsoft Visual Studio Solution File, Format Version 12.00
# Visual Studio Version 17
VisualStudioVersion = 17.0.32014.148
MinimumVisualStudioVersion = 10.0.40219.1
Project("{9A19103F-16F7-4668-BE54-9A1E7A4F7556}") = "Hash.Md5", "src\Hash.Md5\Hash.Md5.csproj", "{617F5AD2-1D12-48F9-AB50-7F90ED2471EB}"
EndProject
Project("{9A19103F-16F7-4668-BE54-9A1E7A4F7556}") = "Hash.Test", "src\Hash.Test\Hash.Test.csproj", "{8175FFD7-0209-4147-886D-445DA55348AC}"
EndProject
Project("{8BC9CEB8-8B4A-11D0-8D11-00A0C91BC942}") = "Hash.Ref", "src\Hash.Ref\Hash.Ref.vcxproj", "{D28D2C29-057E-4FF5-84B9-6407722CF749}"
EndProject
Global
	GlobalSection(SolutionConfigurationPlatforms) = preSolution
		Debug|Any CPU = Debug|Any CPU
		Debug|x64 = Debug|x64
		Debug|x86 = Debug|x86
		Release|Any CPU = Release|Any CPU
		Release|x64 = Release|x64
		Release|x86 = Release|x86
	EndGlobalSection
	GlobalSection(ProjectConfigurationPlatforms) = postSolution
		{617F5AD2-1D12-48F9-AB50-7F90ED2471EB}.Debug|Any CPU.ActiveCfg = Debug|Any CPU
		{617F5AD2-1D12-48F9-AB50-7F90ED2471EB}.Debug|Any CPU.Build.0 = Debug|Any CPU
		{617F5AD2-1D12-48F9-AB50-7F90ED2471EB}.Debug|x64.ActiveCfg = Debug|Any CPU
		{617F5AD2-1D12-48F9-AB50-7F90ED2471EB}.Debug|x64.Build.0 = Debug|Any CPU
		{617F5AD2-1D12-48F9-AB50-7F90ED2471EB}.Debug|x86.ActiveCfg = Debug|Any CPU
		{617F5AD2-1D12-48F9-AB50-7F90ED2471EB}.Debug|x86.Build.0 = Debug|Any CPU
		{617F5AD2-1D12-48F9-AB50-7F90ED2471EB}.Release|Any CPU.ActiveCfg = Release|Any CPU
		{617F5AD2-1D12-48F9-AB50-7F90ED2471EB}.Release|Any CPU.Build.0 = Release|Any CPU
		{617F5AD2-1D12-48F9-AB50-7F90ED2471EB}.Release|x64.ActiveCfg = Release|Any CPU
		{617F5AD2-1D12-48F9-AB50-7F90ED2471EB}.Release|x64.Build.0 = Release|Any CPU
		{617F5AD2-1D12-48F9-AB50-7F90ED2471EB}.Release|x86.ActiveCfg = Release|Any CPU
		{617F5AD2-1D12-48F9-AB50-7F90ED2471EB}.Release|x86.Build.0 = Release|Any CPU
		{8175FFD7-0209-4147-886D-445DA55348AC}.Debug|Any CPU.ActiveCfg = Debug|Any CPU
		{8175FFD7-0209-4147-886D-445DA55348AC}.Debug|Any CPU.Build.0 = Debug|Any CPU
		{8175FFD7-0209-4147-886D-445DA55348AC}.Debug|x64.ActiveCfg = Debug|Any CPU
		{8175FFD7-0209-4147-886D-445DA55348AC}.Debug|x64.Build.0 = Debug|Any CPU
		{8175FFD7-0209-4147-886D-445DA55348AC}.Debug|x86.ActiveCfg = Debug|Any CPU
		{8175FFD7-0209-4147-886D-445DA55348AC}.Debug|x86.Build.0 = Debug|Any CPU
		{8175FFD7-0209-4147-886D-445DA55348AC}.Release|Any CPU.ActiveCfg = Release|Any CPU
		{8175FFD7-0209-4147-886D-445DA55348AC}.Release|Any CPU.Build.0 = Release|Any CPU
		{8175FFD7-0209-4147-886D-445DA55348AC}.Release|x64.ActiveCfg = Release|Any CPU
		{8175FFD7-0209-4147-886D-445DA55348AC}.Release|x64.Build.0 = Release|Any CPU
		{8175FFD7-0209-4147-886D-445DA55348AC}.Release|x86.ActiveCfg = Release|Any CPU
		{8175FFD7-0209-4147-886D-445DA55348AC}.Release|x86.Build.0 = Release|Any CPU
		{D28D2C29-057E-4FF5-84B9-6407722CF749}.Debug|Any CPU.ActiveCfg = Debug|x64
		{D28D2C29-057E-4FF5-84B9-6407722CF749}.Debug|Any CPU.Build.0 = Debug|x64
		{D28D2C29-057E-4FF5-84B9-6407722CF749}.Debug|x64.ActiveCfg = Debug|x64
		{D28D2C29-057E-4FF5-84B9-6407722CF749}.Debug|x64.Build.0 = Debug|x64
		{D28D2C29-057E-4FF5-84B9-6407722CF749}.Debug|x86.ActiveCfg = Debug|Win32
		{D28D2C29-057E-4FF5-84B9-6407722CF749}.Debug|x86.Build.0 = Debug|Win32
		{D28D2C29-057E-4FF5-84B9-6407722CF749}.Release|Any CPU.ActiveCfg = Release|x64
		{D28D2C29-057E-4FF5-84B9-6407722CF749}.Release|Any CPU.Build.0 = Release|x64
		{D28D2C29-057E-4FF5-84B9-6407722CF749}.Release|x64.ActiveCfg = Release|x64
		{D28D2C29-057E-4FF5-84B9-6407722CF749}.Release|x64.Build.0 = Release|x64
		{D28D2C29-057E-4FF5-84B9-6407722CF749}.Release|x86.ActiveCfg = Release|Win32
		{D28D2C29-057E-4FF5-84B9-6407722CF749}.Release|x86.Build.0 = Release|Win32
	EndGlobalSection
	GlobalSection(SolutionProperties) = preSolution
		HideSolutionNode = FALSE
	EndGlobalSection
	GlobalSection(ExtensibilityGlobals) = postSolution
		SolutionGuid = {B168AAD6-9DB0-4D78-B158-59DF96C053CF}
	EndGlobalSection
EndGlobal
